# THIS IS AN AUTOGENERATED FILE. DO NOT EDIT THIS FILE DIRECTLY.
# yarn lockfile v1


ansi-escapes@^4.2.1:
  version "4.3.2"
  resolved "https://registry.nlark.com/ansi-escapes/download/ansi-escapes-4.3.2.tgz?cache=0&sync_timestamp=1618847144938&other_urls=https%3A%2F%2Fregistry.nlark.com%2Fansi-escapes%2Fdownload%2Fansi-escapes-4.3.2.tgz#6b2291d1db7d98b6521d5f1efa42d0f3a9feb65e"
  integrity sha1-ayKR0dt9mLZSHV8e+kLQ86n+tl4=
  dependencies:
    type-fest "^0.21.3"

ansi-regex@^5.0.1:
  version "5.0.1"
  resolved "https://registry.nlark.com/ansi-regex/download/ansi-regex-5.0.1.tgz#082cb2c89c9fe8659a311a53bd6a4dc5301db304"
  integrity sha1-CCyyyJyf6GWaMRpTvWpNxTAdswQ=

ansi-styles@^3.2.1:
  version "3.2.1"
  resolved "https://registry.nlark.com/ansi-styles/download/ansi-styles-3.2.1.tgz#41fbb20243e50b12be0f04b8dedbf07520ce841d"
  integrity sha1-QfuyAkPlCxK+DwS43tvwdSDOhB0=
  dependencies:
    color-convert "^1.9.0"

ansi-styles@^4.1.0:
  version "4.3.0"
  resolved "https://registry.nlark.com/ansi-styles/download/ansi-styles-4.3.0.tgz#edd803628ae71c04c85ae7a0906edad34b648937"
  integrity sha1-7dgDYornHATIWuegkG7a00tkiTc=
  dependencies:
    color-convert "^2.0.1"

base64-js@^1.3.1:
  version "1.5.1"
  resolved "https://registry.npm.taobao.org/base64-js/download/base64-js-1.5.1.tgz#1b1b440160a5bf7ad40b650f095963481903930a"
  integrity sha1-GxtEAWClv3rUC2UPCVljSBkDkwo=

bl@^4.1.0:
  version "4.1.0"
  resolved "https://registry.npm.taobao.org/bl/download/bl-4.1.0.tgz?cache=0&sync_timestamp=1617381743180&other_urls=https%3A%2F%2Fregistry.npm.taobao.org%2Fbl%2Fdownload%2Fbl-4.1.0.tgz#451535264182bec2fbbc83a62ab98cf11d9f7b3a"
  integrity sha1-RRU1JkGCvsL7vIOmKrmM8R2fezo=
  dependencies:
    buffer "^5.5.0"
    inherits "^2.0.4"
    readable-stream "^3.4.0"

buffer@^5.5.0:
  version "5.7.1"
  resolved "https://registry.npmmirror.com/buffer/download/buffer-5.7.1.tgz#ba62e7c13133053582197160851a8f648e99eed0"
  integrity sha512-EHcyIPBQ4BSGlvjB16k5KgAJ27CIsHY/2JBmCRReo48y9rQ3MaUzWX3KVlBa4U7MyX02HdVj0K7C3WaB3ju7FQ==
  dependencies:
    base64-js "^1.3.1"
    ieee754 "^1.1.13"

chalk@^2.4.2:
  version "2.4.2"
  resolved "https://registry.npmmirror.com/chalk/download/chalk-2.4.2.tgz#cd42541677a54333cf541a49108c1432b44c9424"
  integrity sha1-zUJUFnelQzPPVBpJEIwUMrRMlCQ=
  dependencies:
    ansi-styles "^3.2.1"
    escape-string-regexp "^1.0.5"
    supports-color "^5.3.0"

chalk@^3.0.0:
  version "3.0.0"
  resolved "https://registry.npmmirror.com/chalk/download/chalk-3.0.0.tgz#3f73c2bf526591f574cc492c51e2456349f844e4"
  integrity sha1-P3PCv1JlkfV0zEksUeJFY0n4ROQ=
  dependencies:
    ansi-styles "^4.1.0"
    supports-color "^7.1.0"

chalk@^4.1.0, chalk@^4.1.1:
  version "4.1.2"
  resolved "https://registry.npmmirror.com/chalk/download/chalk-4.1.2.tgz#aac4e2b7734a740867aeb16bf02aad556a1e7a01"
  integrity sha1-qsTit3NKdAhnrrFr8CqtVWoeegE=
  dependencies:
    ansi-styles "^4.1.0"
    supports-color "^7.1.0"

chardet@^0.7.0:
  version "0.7.0"
  resolved "https://registry.npmmirror.com/chardet/download/chardet-0.7.0.tgz?cache=0&sync_timestamp=1634639163489&other_urls=https%3A%2F%2Fregistry.npmmirror.com%2Fchardet%2Fdownload%2Fchardet-0.7.0.tgz#90094849f0937f2eedc2425d0d28a9e5f0cbad9e"
  integrity sha1-kAlISfCTfy7twkJdDSip5fDLrZ4=

child_process@^1.0.2:
  version "1.0.2"
  resolved "https://registry.npm.taobao.org/child_process/download/child_process-1.0.2.tgz#b1f7e7fc73d25e7fd1d455adc94e143830182b5a"
  integrity sha1-sffn/HPSXn/R1FWtyU4UODAYK1o=

cli-cursor@^3.1.0:
  version "3.1.0"
  resolved "https://registry.nlark.com/cli-cursor/download/cli-cursor-3.1.0.tgz?cache=0&sync_timestamp=1629747358529&other_urls=https%3A%2F%2Fregistry.nlark.com%2Fcli-cursor%2Fdownload%2Fcli-cursor-3.1.0.tgz#264305a7ae490d1d03bf0c9ba7c925d1753af307"
  integrity sha1-JkMFp65JDR0Dvwybp8kl0XU68wc=
  dependencies:
    restore-cursor "^3.1.0"

cli-spinners@^2.2.0, cli-spinners@^2.5.0:
  version "2.6.1"
  resolved "https://registry.npmmirror.com/cli-spinners/download/cli-spinners-2.6.1.tgz?cache=0&sync_timestamp=1633109609172&other_urls=https%3A%2F%2Fregistry.npmmirror.com%2Fcli-spinners%2Fdownload%2Fcli-spinners-2.6.1.tgz#adc954ebe281c37a6319bfa401e6dd2488ffb70d"
  integrity sha1-rclU6+KBw3pjGb+kAebdJIj/tw0=

cli-width@^3.0.0:
  version "3.0.0"
  resolved "https://registry.npm.taobao.org/cli-width/download/cli-width-3.0.0.tgz#a2f48437a2caa9a22436e794bf071ec9e61cedf6"
  integrity sha1-ovSEN6LKqaIkNueUvwceyeYc7fY=

clone@^1.0.2:
  version "1.0.4"
  resolved "https://registry.nlark.com/clone/download/clone-1.0.4.tgz#da309cc263df15994c688ca902179ca3c7cd7c7e"
  integrity sha1-2jCcwmPfFZlMaIypAheco8fNfH4=

color-convert@^1.9.0:
  version "1.9.3"
  resolved "https://registry.npmmirror.com/color-convert/download/color-convert-1.9.3.tgz#bb71850690e1f136567de629d2d5471deda4c1e8"
  integrity sha1-u3GFBpDh8TZWfeYp0tVHHe2kweg=
  dependencies:
    color-name "1.1.3"

color-convert@^2.0.1:
  version "2.0.1"
  resolved "https://registry.npmmirror.com/color-convert/download/color-convert-2.0.1.tgz#72d3a68d598c9bdb3af2ad1e84f21d896abd4de3"
  integrity sha1-ctOmjVmMm9s68q0ehPIdiWq9TeM=
  dependencies:
    color-name "~1.1.4"

color-name@1.1.3:
  version "1.1.3"
  resolved "https://registry.nlark.com/color-name/download/color-name-1.1.3.tgz#a7d0558bd89c42f795dd42328f740831ca53bc25"
  integrity sha1-p9BVi9icQveV3UIyj3QIMcpTvCU=

color-name@~1.1.4:
  version "1.1.4"
  resolved "https://registry.nlark.com/color-name/download/color-name-1.1.4.tgz#c2a09a87acbde69543de6f63fa3995c826c536a2"
  integrity sha1-wqCah6y95pVD3m9j+jmVyCbFNqI=

cross-env@^7.0.3:
  version "7.0.3"
  resolved "https://registry.npm.taobao.org/cross-env/download/cross-env-7.0.3.tgz#865264b29677dc015ba8418918965dd232fc54cf"
  integrity sha1-hlJkspZ33AFbqEGJGJZd0jL8VM8=
  dependencies:
    cross-spawn "^7.0.1"

cross-spawn@^7.0.0, cross-spawn@^7.0.1:
  version "7.0.3"
  resolved "https://registry.nlark.com/cross-spawn/download/cross-spawn-7.0.3.tgz#f73a85b9d5d41d045551c177e2882d4ac85728a6"
  integrity sha1-9zqFudXUHQRVUcF34ogtSshXKKY=
  dependencies:
    path-key "^3.1.0"
    shebang-command "^2.0.0"
    which "^2.0.1"

defaults@^1.0.3:
  version "1.0.3"
  resolved "https://registry.npm.taobao.org/defaults/download/defaults-1.0.3.tgz#c656051e9817d9ff08ed881477f3fe4019f3ef7d"
  integrity sha1-xlYFHpgX2f8I7YgUd/P+QBnz730=
  dependencies:
    clone "^1.0.2"

emoji-regex@^8.0.0:
  version "8.0.0"
  resolved "https://registry.npmmirror.com/emoji-regex/download/emoji-regex-8.0.0.tgz?cache=0&sync_timestamp=1632751333727&other_urls=https%3A%2F%2Fregistry.npmmirror.com%2Femoji-regex%2Fdownload%2Femoji-regex-8.0.0.tgz#e818fd69ce5ccfcb404594f842963bf53164cc37"
  integrity sha1-6Bj9ac5cz8tARZT4QpY79TFkzDc=

end-of-stream@^1.1.0:
  version "1.4.4"
  resolved "https://registry.nlark.com/end-of-stream/download/end-of-stream-1.4.4.tgz#5ae64a5f45057baf3626ec14da0ca5e4b2431eb0"
  integrity sha1-WuZKX0UFe682JuwU2gyl5LJDHrA=
  dependencies:
    once "^1.4.0"

escape-string-regexp@^1.0.5:
  version "1.0.5"
  resolved "https://registry.nlark.com/escape-string-regexp/download/escape-string-regexp-1.0.5.tgz#1b61c0562190a8dff6ae3bb2cf0200ca130b86d4"
  integrity sha1-G2HAViGQqN/2rjuyzwIAyhMLhtQ=

execa@4.0.2:
  version "4.0.2"
  resolved "https://registry.npmmirror.com/execa/download/execa-4.0.2.tgz?cache=0&sync_timestamp=1637147245057&other_urls=https%3A%2F%2Fregistry.npmmirror.com%2Fexeca%2Fdownload%2Fexeca-4.0.2.tgz#ad87fb7b2d9d564f70d2b62d511bee41d5cbb240"
  integrity sha1-rYf7ey2dVk9w0rYtURvuQdXLskA=
  dependencies:
    cross-spawn "^7.0.0"
    get-stream "^5.0.0"
    human-signals "^1.1.1"
    is-stream "^2.0.0"
    merge-stream "^2.0.0"
    npm-run-path "^4.0.0"
    onetime "^5.1.0"
    signal-exit "^3.0.2"
    strip-final-newline "^2.0.0"

external-editor@^3.0.3:
  version "3.1.0"
  resolved "https://registry.npm.taobao.org/external-editor/download/external-editor-3.1.0.tgz#cb03f740befae03ea4d283caed2741a83f335495"
  integrity sha1-ywP3QL764D6k0oPK7SdBqD8zVJU=
  dependencies:
    chardet "^0.7.0"
    iconv-lite "^0.4.24"
    tmp "^0.0.33"

figures@^3.0.0:
  version "3.2.0"
  resolved "https://registry.nlark.com/figures/download/figures-3.2.0.tgz?cache=0&sync_timestamp=1625254307578&other_urls=https%3A%2F%2Fregistry.nlark.com%2Ffigures%2Fdownload%2Ffigures-3.2.0.tgz#625c18bd293c604dc4a8ddb2febf0c88341746af"
  integrity sha1-YlwYvSk8YE3EqN2y/r8MiDQXRq8=
  dependencies:
    escape-string-regexp "^1.0.5"

fs@^0.0.1-security:
  version "0.0.1-security"
  resolved "https://registry.npm.taobao.org/fs/download/fs-0.0.1-security.tgz#8a7bd37186b6dddf3813f23858b57ecaaf5e41d4"
  integrity sha1-invTcYa23d84E/I4WLV+yq9eQdQ=

get-stream@^5.0.0:
  version "5.2.0"
  resolved "https://registry.nlark.com/get-stream/download/get-stream-5.2.0.tgz#4966a1795ee5ace65e706c4b7beb71257d6e22d3"
  integrity sha1-SWaheV7lrOZecGxLe+txJX1uItM=
  dependencies:
    pump "^3.0.0"

has-flag@^3.0.0:
  version "3.0.0"
  resolved "https://registry.nlark.com/has-flag/download/has-flag-3.0.0.tgz#b5d454dc2199ae225699f3467e5a07f3b955bafd"
  integrity sha1-tdRU3CGZriJWmfNGfloH87lVuv0=

has-flag@^4.0.0:
  version "4.0.0"
  resolved "https://registry.nlark.com/has-flag/download/has-flag-4.0.0.tgz#944771fd9c81c81265c4d6941860da06bb59479b"
  integrity sha1-lEdx/ZyByBJlxNaUGGDaBrtZR5s=

human-signals@^1.1.1:
  version "1.1.1"
  resolved "https://registry.nlark.com/human-signals/download/human-signals-1.1.1.tgz#c5b1cd14f50aeae09ab6c59fe63ba3395fe4dfa3"
  integrity sha1-xbHNFPUK6uCatsWf5jujOV/k36M=

iconv-lite@^0.4.24:
  version "0.4.24"
  resolved "https://registry.nlark.com/iconv-lite/download/iconv-lite-0.4.24.tgz?cache=0&other_urls=https%3A%2F%2Fregistry.nlark.com%2Ficonv-lite%2Fdownload%2Ficonv-lite-0.4.24.tgz#2022b4b25fbddc21d2f524974a474aafe733908b"
  integrity sha1-ICK0sl+93CHS9SSXSkdKr+czkIs=
  dependencies:
    safer-buffer ">= 2.1.2 < 3"

ieee754@^1.1.13:
  version "1.2.1"
  resolved "https://registry.nlark.com/ieee754/download/ieee754-1.2.1.tgz#8eb7a10a63fff25d15a57b001586d177d1b0d352"
  integrity sha1-jrehCmP/8l0VpXsAFYbRd9Gw01I=

inherits@2.0.3:
  version "2.0.3"
  resolved "https://registry.nlark.com/inherits/download/inherits-2.0.3.tgz#633c2c83e3da42a502f52466022480f4208261de"
  integrity sha1-Yzwsg+PaQqUC9SRmAiSA9CCCYd4=

inherits@^2.0.3, inherits@^2.0.4:
  version "2.0.4"
  resolved "https://registry.nlark.com/inherits/download/inherits-2.0.4.tgz#0fa2c64f932917c3433a0ded55363aae37416b7c"
  integrity sha1-D6LGT5MpF8NDOg3tVTY6rjdBa3w=

inquirer@^8.2.0:
  version "8.2.0"
  resolved "https://registry.npmmirror.com/inquirer/download/inquirer-8.2.0.tgz#f44f008dd344bbfc4b30031f45d984e034a3ac3a"
  integrity sha512-0crLweprevJ02tTuA6ThpoAERAGyVILC4sS74uib58Xf/zSr1/ZWtmm7D5CI+bSQEaA04f0K7idaHpQbSWgiVQ==
  dependencies:
    ansi-escapes "^4.2.1"
    chalk "^4.1.1"
    cli-cursor "^3.1.0"
    cli-width "^3.0.0"
    external-editor "^3.0.3"
    figures "^3.0.0"
    lodash "^4.17.21"
    mute-stream "0.0.8"
    ora "^5.4.1"
    run-async "^2.4.0"
    rxjs "^7.2.0"
    string-width "^4.1.0"
    strip-ansi "^6.0.0"
    through "^2.3.6"

is-fullwidth-code-point@^3.0.0:
  version "3.0.0"
  resolved "https://registry.nlark.com/is-fullwidth-code-point/download/is-fullwidth-code-point-3.0.0.tgz#f116f8064fe90b3f7844a38997c0b75051269f1d"
  integrity sha1-8Rb4Bk/pCz94RKOJl8C3UFEmnx0=

is-interactive@^1.0.0:
  version "1.0.0"
  resolved "https://registry.nlark.com/is-interactive/download/is-interactive-1.0.0.tgz#cea6e6ae5c870a7b0a0004070b7b587e0252912e"
  integrity sha1-zqbmrlyHCnsKAAQHC3tYfgJSkS4=

is-stream@^2.0.0:
  version "2.0.1"
  resolved "https://registry.nlark.com/is-stream/download/is-stream-2.0.1.tgz#fac1e3d53b97ad5a9d0ae9cef2389f5810a5c077"
  integrity sha1-+sHj1TuXrVqdCunO8jifWBClwHc=

is-unicode-supported@^0.1.0:
  version "0.1.0"
  resolved "https://registry.nlark.com/is-unicode-supported/download/is-unicode-supported-0.1.0.tgz#3f26c76a809593b52bfa2ecb5710ed2779b522a7"
  integrity sha1-PybHaoCVk7Ur+i7LVxDtJ3m1Iqc=

isexe@^2.0.0:
  version "2.0.0"
  resolved "https://registry.npm.taobao.org/isexe/download/isexe-2.0.0.tgz#e8fbf374dc556ff8947a10dcb0572d633f2cfa10"
  integrity sha1-6PvzdNxVb/iUehDcsFctYz8s+hA=

lodash@^4.17.21:
  version "4.17.21"
  resolved "https://registry.npmmirror.com/lodash/download/lodash-4.17.21.tgz#679591c564c3bffaae8454cf0b3df370c3d6911c"
  integrity sha512-v2kDEe57lecTulaDIuNTPy3Ry4gLGJ6Z1O3vE1krgXZNrsQ+LFTGHVxVjcXPs17LhbZVGedAJv8XZ1tvj5FvSg==

log-symbols@^3.0.0:
  version "3.0.0"
  resolved "https://registry.npmmirror.com/log-symbols/download/log-symbols-3.0.0.tgz#f3a08516a5dea893336a7dee14d18a1cfdab77c4"
  integrity sha1-86CFFqXeqJMzan3uFNGKHP2rd8Q=
  dependencies:
    chalk "^2.4.2"

log-symbols@^4.1.0:
  version "4.1.0"
  resolved "https://registry.npmmirror.com/log-symbols/download/log-symbols-4.1.0.tgz#3fbdbb95b4683ac9fc785111e792e558d4abd503"
  integrity sha1-P727lbRoOsn8eFER55LlWNSr1QM=
  dependencies:
    chalk "^4.1.0"
    is-unicode-supported "^0.1.0"

merge-stream@^2.0.0:
  version "2.0.0"
  resolved "https://registry.nlark.com/merge-stream/download/merge-stream-2.0.0.tgz#52823629a14dd00c9770fb6ad47dc6310f2c1f60"
  integrity sha1-UoI2KaFN0AyXcPtq1H3GMQ8sH2A=

mimic-fn@^2.1.0:
  version "2.1.0"
  resolved "https://registry.nlark.com/mimic-fn/download/mimic-fn-2.1.0.tgz#7ed2c2ccccaf84d3ffcb7a69b57711fc2083401b"
  integrity sha1-ftLCzMyvhNP/y3pptXcR/CCDQBs=

mute-stream@0.0.8:
  version "0.0.8"
  resolved "https://registry.npm.taobao.org/mute-stream/download/mute-stream-0.0.8.tgz#1630c42b2251ff81e2a283de96a5497ea92e5e0d"
  integrity sha1-FjDEKyJR/4HiooPelqVJfqkuXg0=

npm-run-path@^4.0.0:
  version "4.0.1"
  resolved "https://registry.npmmirror.com/npm-run-path/download/npm-run-path-4.0.1.tgz#b7ecd1e5ed53da8e37a55e1c2269e0b97ed748ea"
  integrity sha1-t+zR5e1T2o43pV4cImnguX7XSOo=
  dependencies:
    path-key "^3.0.0"

once@^1.3.1, once@^1.4.0:
  version "1.4.0"
  resolved "https://registry.nlark.com/once/download/once-1.4.0.tgz#583b1aa775961d4b113ac17d9c50baef9dd76bd1"
  integrity sha1-WDsap3WWHUsROsF9nFC6753Xa9E=
  dependencies:
    wrappy "1"

onetime@^5.1.0:
  version "5.1.2"
  resolved "https://registry.nlark.com/onetime/download/onetime-5.1.2.tgz#d0e96ebb56b07476df1dd9c4806e5237985ca45e"
  integrity sha1-0Oluu1awdHbfHdnEgG5SN5hcpF4=
  dependencies:
    mimic-fn "^2.1.0"

ora@^4.1.1:
  version "4.1.1"
  resolved "https://registry.nlark.com/ora/download/ora-4.1.1.tgz?cache=0&sync_timestamp=1631556714017&other_urls=https%3A%2F%2Fregistry.nlark.com%2Fora%2Fdownload%2Fora-4.1.1.tgz#566cc0348a15c36f5f0e979612842e02ba9dddbc"
  integrity sha1-VmzANIoVw29fDpeWEoQuArqd3bw=
  dependencies:
    chalk "^3.0.0"
    cli-cursor "^3.1.0"
    cli-spinners "^2.2.0"
    is-interactive "^1.0.0"
    log-symbols "^3.0.0"
    mute-stream "0.0.8"
    strip-ansi "^6.0.0"
    wcwidth "^1.0.1"

ora@^5.4.1:
  version "5.4.1"
  resolved "https://registry.nlark.com/ora/download/ora-5.4.1.tgz?cache=0&sync_timestamp=1631556658795&other_urls=https%3A%2F%2Fregistry.nlark.com%2Fora%2Fdownload%2Fora-5.4.1.tgz#1b2678426af4ac4a509008e5e4ac9e9959db9e18"
  integrity sha1-GyZ4Qmr0rEpQkAjl5KyemVnbnhg=
  dependencies:
    bl "^4.1.0"
    chalk "^4.1.0"
    cli-cursor "^3.1.0"
    cli-spinners "^2.5.0"
    is-interactive "^1.0.0"
    is-unicode-supported "^0.1.0"
    log-symbols "^4.1.0"
    strip-ansi "^6.0.0"
    wcwidth "^1.0.1"

os-tmpdir@~1.0.2:
  version "1.0.2"
  resolved "https://registry.npm.taobao.org/os-tmpdir/download/os-tmpdir-1.0.2.tgz#bbe67406c79aa85c5cfec766fe5734555dfa1274"
  integrity sha1-u+Z0BseaqFxc/sdm/lc0VV36EnQ=

path-key@^3.0.0, path-key@^3.1.0:
  version "3.1.1"
  resolved "https://registry.npm.taobao.org/path-key/download/path-key-3.1.1.tgz?cache=0&sync_timestamp=1617971632960&other_urls=https%3A%2F%2Fregistry.npm.taobao.org%2Fpath-key%2Fdownload%2Fpath-key-3.1.1.tgz#581f6ade658cbba65a0d3380de7753295054f375"
  integrity sha1-WB9q3mWMu6ZaDTOA3ndTKVBU83U=

path@^0.12.7:
  version "0.12.7"
  resolved "https://registry.npmmirror.com/path/download/path-0.12.7.tgz#d4dc2a506c4ce2197eb481ebfcd5b36c0140b10f"
  integrity sha512-aXXC6s+1w7otVF9UletFkFcDsJeO7lSZBPUQhtb5O0xJe8LtYhj/GxldoL09bBj9+ZmE2hNoHqQSFMN5fikh4Q==
  dependencies:
    process "^0.11.1"
    util "^0.10.3"

process@^0.11.1:
  version "0.11.10"
  resolved "https://registry.npmmirror.com/process/download/process-0.11.10.tgz#7332300e840161bda3e69a1d1d91a7d4bc16f182"
  integrity sha512-cdGef/drWFoydD1JsMzuFf8100nZl+GT+yacc2bEced5f9Rjk4z+WtFUTBu9PhOi9j/jfmBPu0mMEY4wIdAF8A==

pump@^3.0.0:
  version "3.0.0"
  resolved "https://registry.nlark.com/pump/download/pump-3.0.0.tgz#b4a2116815bde2f4e1ea602354e8c75565107a64"
  integrity sha1-tKIRaBW94vTh6mAjVOjHVWUQemQ=
  dependencies:
    end-of-stream "^1.1.0"
    once "^1.3.1"

readable-stream@^3.4.0:
  version "3.6.0"
  resolved "https://registry.npmmirror.com/readable-stream/download/readable-stream-3.6.0.tgz#337bbda3adc0706bd3e024426a286d4b4b2c9198"
  integrity sha1-M3u9o63AcGvT4CRCaihtS0sskZg=
  dependencies:
    inherits "^2.0.3"
    string_decoder "^1.1.1"
    util-deprecate "^1.0.1"

restore-cursor@^3.1.0:
  version "3.1.0"
  resolved "https://registry.nlark.com/restore-cursor/download/restore-cursor-3.1.0.tgz?cache=0&sync_timestamp=1629747087185&other_urls=https%3A%2F%2Fregistry.nlark.com%2Frestore-cursor%2Fdownload%2Frestore-cursor-3.1.0.tgz#39f67c54b3a7a58cea5236d95cf0034239631f7e"
  integrity sha1-OfZ8VLOnpYzqUjbZXPADQjljH34=
  dependencies:
    onetime "^5.1.0"
    signal-exit "^3.0.2"

run-async@^2.4.0:
  version "2.4.1"
  resolved "https://registry.npm.taobao.org/run-async/download/run-async-2.4.1.tgz#8440eccf99ea3e70bd409d49aab88e10c189a455"
  integrity sha1-hEDsz5nqPnC9QJ1JqriOEMGJpFU=

rxjs@^7.2.0:
  version "7.5.1"
  resolved "https://registry.npmmirror.com/rxjs/download/rxjs-7.5.1.tgz#af73df343cbcab37628197f43ea0c8256f54b157"
  integrity sha512-KExVEeZWxMZnZhUZtsJcFwz8IvPvgu4G2Z2QyqjZQzUGr32KDYuSxrEYO4w3tFFNbfLozcrKUTvTPi+E9ywJkQ==
  dependencies:
    tslib "^2.1.0"

safe-buffer@~5.2.0:
  version "5.2.1"
  resolved "https://registry.npm.taobao.org/safe-buffer/download/safe-buffer-5.2.1.tgz#1eaf9fa9bdb1fdd4ec75f58f9cdb4e6b7827eec6"
  integrity sha1-Hq+fqb2x/dTsdfWPnNtOa3gn7sY=

"safer-buffer@>= 2.1.2 < 3":
  version "2.1.2"
  resolved "https://registry.npm.taobao.org/safer-buffer/download/safer-buffer-2.1.2.tgz#44fa161b0187b9549dd84bb91802f9bd8385cd6a"
  integrity sha1-RPoWGwGHuVSd2Eu5GAL5vYOFzWo=

shebang-command@^2.0.0:
  version "2.0.0"
  resolved "https://registry.npm.taobao.org/shebang-command/download/shebang-command-2.0.0.tgz#ccd0af4f8835fbdc265b82461aaf0c36663f34ea"
  integrity sha1-zNCvT4g1+9wmW4JGGq8MNmY/NOo=
  dependencies:
    shebang-regex "^3.0.0"

shebang-regex@^3.0.0:
  version "3.0.0"
  resolved "https://registry.nlark.com/shebang-regex/download/shebang-regex-3.0.0.tgz?cache=0&sync_timestamp=1628896304371&other_urls=https%3A%2F%2Fregistry.nlark.com%2Fshebang-regex%2Fdownload%2Fshebang-regex-3.0.0.tgz#ae16f1644d873ecad843b0307b143362d4c42172"
  integrity sha1-rhbxZE2HPsrYQ7AwexQzYtTEIXI=

signal-exit@^3.0.2:
  version "3.0.6"
  resolved "https://registry.npmmirror.com/signal-exit/download/signal-exit-3.0.6.tgz?cache=0&other_urls=https%3A%2F%2Fregistry.npmmirror.com%2Fsignal-exit%2Fdownload%2Fsignal-exit-3.0.6.tgz#24e630c4b0f03fea446a2bd299e62b4a6ca8d0af"
  integrity sha512-sDl4qMFpijcGw22U5w63KmD3cZJfBuFlVNbVMKje2keoKML7X2UzWbc4XrmEbDwg0NXJc3yv4/ox7b+JWb57kQ==

string-width@^4.1.0:
  version "4.2.3"
  resolved "https://registry.npmmirror.com/string-width/download/string-width-4.2.3.tgz#269c7117d27b05ad2e536830a8ec895ef9c6d010"
  integrity sha1-JpxxF9J7Ba0uU2gwqOyJXvnG0BA=
  dependencies:
    emoji-regex "^8.0.0"
    is-fullwidth-code-point "^3.0.0"
    strip-ansi "^6.0.1"

string_decoder@^1.1.1:
  version "1.3.0"
  resolved "https://registry.npmmirror.com/string_decoder/download/string_decoder-1.3.0.tgz#42f114594a46cf1a8e30b0a84f56c78c3edac21e"
  integrity sha1-QvEUWUpGzxqOMLCoT1bHjD7awh4=
  dependencies:
    safe-buffer "~5.2.0"

strip-ansi@^6.0.0, strip-ansi@^6.0.1:
  version "6.0.1"
  resolved "https://registry.npmmirror.com/strip-ansi/download/strip-ansi-6.0.1.tgz?cache=0&sync_timestamp=1632420562057&other_urls=https%3A%2F%2Fregistry.npmmirror.com%2Fstrip-ansi%2Fdownload%2Fstrip-ansi-6.0.1.tgz#9e26c63d30f53443e9489495b2105d37b67a85d9"
  integrity sha1-nibGPTD1NEPpSJSVshBdN7Z6hdk=
  dependencies:
    ansi-regex "^5.0.1"

strip-final-newline@^2.0.0:
  version "2.0.0"
  resolved "https://registry.nlark.com/strip-final-newline/download/strip-final-newline-2.0.0.tgz#89b852fb2fcbe936f6f4b3187afb0a12c1ab58ad"
  integrity sha1-ibhS+y/L6Tb29LMYevsKEsGrWK0=

supports-color@^5.3.0:
  version "5.5.0"
  resolved "https://registry.npmmirror.com/supports-color/download/supports-color-5.5.0.tgz#e2e69a44ac8772f78a1ec0b35b689df6530efc8f"
  integrity sha1-4uaaRKyHcveKHsCzW2id9lMO/I8=
  dependencies:
    has-flag "^3.0.0"

supports-color@^7.1.0:
  version "7.2.0"
  resolved "https://registry.npmmirror.com/supports-color/download/supports-color-7.2.0.tgz#1b7dcdcb32b8138801b3e478ba6a51caa89648da"
  integrity sha1-G33NyzK4E4gBs+R4umpRyqiWSNo=
  dependencies:
    has-flag "^4.0.0"

through@^2.3.6:
  version "2.3.8"
  resolved "https://registry.npm.taobao.org/through/download/through-2.3.8.tgz#0dd4c9ffaabc357960b1b724115d7e0e86a2e1f5"
  integrity sha1-DdTJ/6q8NXlgsbckEV1+Doai4fU=

tmp@^0.0.33:
  version "0.0.33"
  resolved "https://registry.npm.taobao.org/tmp/download/tmp-0.0.33.tgz?cache=0&sync_timestamp=1615918595203&other_urls=https%3A%2F%2Fregistry.npm.taobao.org%2Ftmp%2Fdownload%2Ftmp-0.0.33.tgz#6d34335889768d21b2bcda0aa277ced3b1bfadf9"
  integrity sha1-bTQzWIl2jSGyvNoKonfO07G/rfk=
  dependencies:
    os-tmpdir "~1.0.2"

tslib@^2.1.0:
  version "2.3.1"
  resolved "https://registry.npmmirror.com/tslib/download/tslib-2.3.1.tgz#e8a335add5ceae51aa261d32a490158ef042ef01"
  integrity sha512-77EbyPPpMz+FRFRuAFlWMtmgUWGe9UOG2Z25NqCwiIjRhOf5iKGuzSe5P2w1laq+FkRy4p+PCuVkJSGkzTEKVw==

type-fest@^0.21.3:
  version "0.21.3"
  resolved "https://registry.npmmirror.com/type-fest/download/type-fest-0.21.3.tgz#d260a24b0198436e133fa26a524a6d65fa3b2e37"
  integrity sha1-0mCiSwGYQ24TP6JqUkptZfo7Ljc=

util-deprecate@^1.0.1:
  version "1.0.2"
  resolved "https://registry.npm.taobao.org/util-deprecate/download/util-deprecate-1.0.2.tgz#450d4dc9fa70de732762fbd2d4a28981419a0ccf"
  integrity sha1-RQ1Nyfpw3nMnYvvS1KKJgUGaDM8=

util@^0.10.3:
  version "0.10.4"
  resolved "https://registry.nlark.com/util/download/util-0.10.4.tgz?cache=0&sync_timestamp=1622213272480&other_urls=https%3A%2F%2Fregistry.nlark.com%2Futil%2Fdownload%2Futil-0.10.4.tgz#3aa0125bfe668a4672de58857d3ace27ecb76901"
  integrity sha1-OqASW/5mikZy3liFfTrOJ+y3aQE=
  dependencies:
    inherits "2.0.3"

wcwidth@^1.0.1:
  version "1.0.1"
  resolved "https://registry.nlark.com/wcwidth/download/wcwidth-1.0.1.tgz#f0b0dcf915bc5ff1528afadb2c0e17b532da2fe8"
  integrity sha1-8LDc+RW8X/FSivrbLA4XtTLaL+g=
  dependencies:
    defaults "^1.0.3"

which@^2.0.1:
  version "2.0.2"
  resolved "https://registry.npm.taobao.org/which/download/which-2.0.2.tgz#7c6a8dd0a636a0327e10b59c9286eee93f3f51b1"
  integrity sha1-fGqN0KY2oDJ+ELWckobu6T8/UbE=
  dependencies:
    isexe "^2.0.0"

wrappy@1:
  version "1.0.2"
  resolved "https://registry.nlark.com/wrappy/download/wrappy-1.0.2.tgz#b5243d8f3ec1aa35f1364605bc0d1036e30ab69f"
  integrity sha1-tSQ9jz7BqjXxNkYFvA0QNuMKtp8=
